
Microsoft Visual Studio Solution File, Format Version 12.00
# Visual Studio 15
VisualStudioVersion = 15.0.27703.2042
MinimumVisualStudioVersion = 10.0.40219.1
Project("{9A19103F-16F7-4668-BE54-9A1E7A4F7556}") = "ArtefactService", "ArtefactService\ArtefactService.csproj", "{689D7958-110F-46E9-9322-CC963F2813B1}"
EndProject
Project("{9A19103F-16F7-4668-BE54-9A1E7A4F7556}") = "SoapCore", "SoapCore\SoapCore.csproj", "{6999C5BF-D8F4-456D-9CA1-B97A134530BA}"
EndProject
Global
	GlobalSection(SolutionConfigurationPlatforms) = preSolution
		Debug|Any CPU = Debug|Any CPU
		Release|Any CPU = Release|Any CPU
	EndGlobalSection
	GlobalSection(ProjectConfigurationPlatforms) = postSolution
		{689D7958-110F-46E9-9322-CC963F2813B1}.Debug|Any CPU.ActiveCfg = Debug|Any CPU
		{689D7958-110F-46E9-9322-CC963F2813B1}.Debug|Any CPU.Build.0 = Debug|Any CPU
		{689D7958-110F-46E9-9322-CC963F2813B1}.Release|Any CPU.ActiveCfg = Release|Any CPU
		{689D7958-110F-46E9-9322-CC963F2813B1}.Release|Any CPU.Build.0 = Release|Any CPU
		{6999C5BF-D8F4-456D-9CA1-B97A134530BA}.Debug|Any CPU.ActiveCfg = Debug|Any CPU
		{6999C5BF-D8F4-456D-9CA1-B97A134530BA}.Debug|Any CPU.Build.0 = Debug|Any CPU
		{6999C5BF-D8F4-456D-9CA1-B97A134530BA}.Release|Any CPU.ActiveCfg = Release|Any CPU
		{6999C5BF-D8F4-456D-9CA1-B97A134530BA}.Release|Any CPU.Build.0 = Release|Any CPU
	EndGlobalSection
	GlobalSection(SolutionProperties) = preSolution
		HideSolutionNode = FALSE
	EndGlobalSection
	GlobalSection(ExtensibilityGlobals) = postSolution
		SolutionGuid = {CCD89ACA-F7ED-4945-AE2F-3B30EE9CEF44}
	EndGlobalSection
EndGlobal
